
Microsoft Visual Studio Solution File, Format Version 12.00
Project("{FAE04EC0-301F-11D3-BF4B-00C04F79EFBC}") = "IndustrialApp.Api", "IndustrialApp.Api\IndustrialApp.Api.csproj", "{0AF67F57-F278-4E3D-B2A5-53349B2305F2}"
EndProject
Project("{FAE04EC0-301F-11D3-BF4B-00C04F79EFBC}") = "IndustrialApp.Application", "IndustrialApp.Application\IndustrialApp.Application.csproj", "{ADF1FE34-93C7-4F06-BB57-90E422000A1D}"
EndProject
Project("{FAE04EC0-301F-11D3-BF4B-00C04F79EFBC}") = "IndustrialApp.Infrastructure", "IndustrialApp.Infrastructure\IndustrialApp.Infrastructure.csproj", "{A81DBB30-284D-45DA-9EFF-733AD436C165}"
EndProject
Project("{FAE04EC0-301F-11D3-BF4B-00C04F79EFBC}") = "IndustrialApp.Domain", "IndustrialApp.Domain\IndustrialApp.Domain.csproj", "{8886D61A-A50F-422C-832A-B538E9AB98F7}"
EndProject
Global
	GlobalSection(SolutionConfigurationPlatforms) = preSolution
		Debug|Any CPU = Debug|Any CPU
		Release|Any CPU = Release|Any CPU
	EndGlobalSection
	GlobalSection(ProjectConfigurationPlatforms) = postSolution
		{0AF67F57-F278-4E3D-B2A5-53349B2305F2}.Debug|Any CPU.ActiveCfg = Debug|Any CPU
		{0AF67F57-F278-4E3D-B2A5-53349B2305F2}.Debug|Any CPU.Build.0 = Debug|Any CPU
		{0AF67F57-F278-4E3D-B2A5-53349B2305F2}.Release|Any CPU.ActiveCfg = Release|Any CPU
		{0AF67F57-F278-4E3D-B2A5-53349B2305F2}.Release|Any CPU.Build.0 = Release|Any CPU
		{ADF1FE34-93C7-4F06-BB57-90E422000A1D}.Debug|Any CPU.ActiveCfg = Debug|Any CPU
		{ADF1FE34-93C7-4F06-BB57-90E422000A1D}.Debug|Any CPU.Build.0 = Debug|Any CPU
		{ADF1FE34-93C7-4F06-BB57-90E422000A1D}.Release|Any CPU.ActiveCfg = Release|Any CPU
		{ADF1FE34-93C7-4F06-BB57-90E422000A1D}.Release|Any CPU.Build.0 = Release|Any CPU
		{A81DBB30-284D-45DA-9EFF-733AD436C165}.Debug|Any CPU.ActiveCfg = Debug|Any CPU
		{A81DBB30-284D-45DA-9EFF-733AD436C165}.Debug|Any CPU.Build.0 = Debug|Any CPU
		{A81DBB30-284D-45DA-9EFF-733AD436C165}.Release|Any CPU.ActiveCfg = Release|Any CPU
		{A81DBB30-284D-45DA-9EFF-733AD436C165}.Release|Any CPU.Build.0 = Release|Any CPU
		{8886D61A-A50F-422C-832A-B538E9AB98F7}.Debug|Any CPU.ActiveCfg = Debug|Any CPU
		{8886D61A-A50F-422C-832A-B538E9AB98F7}.Debug|Any CPU.Build.0 = Debug|Any CPU
		{8886D61A-A50F-422C-832A-B538E9AB98F7}.Release|Any CPU.ActiveCfg = Release|Any CPU
		{8886D61A-A50F-422C-832A-B538E9AB98F7}.Release|Any CPU.Build.0 = Release|Any CPU
	EndGlobalSection
EndGlobal
