
Microsoft Visual Studio Solution File, Format Version 12.00
Project("{FAE04EC0-301F-11D3-BF4B-00C04F79EFBC}") = "IndustrialApp.Api", "IndustrialApp.Api\IndustrialApp.Api.csproj", "{0AF67F57-F278-4E3D-B2A5-53349B2305F2}"
EndProject
Global
	GlobalSection(SolutionConfigurationPlatforms) = preSolution
		Debug|Any CPU = Debug|Any CPU
		Release|Any CPU = Release|Any CPU
	EndGlobalSection
	GlobalSection(ProjectConfigurationPlatforms) = postSolution
		{0AF67F57-F278-4E3D-B2A5-53349B2305F2}.Debug|Any CPU.ActiveCfg = Debug|Any CPU
		{0AF67F57-F278-4E3D-B2A5-53349B2305F2}.Debug|Any CPU.Build.0 = Debug|Any CPU
		{0AF67F57-F278-4E3D-B2A5-53349B2305F2}.Release|Any CPU.ActiveCfg = Release|Any CPU
		{0AF67F57-F278-4E3D-B2A5-53349B2305F2}.Release|Any CPU.Build.0 = Release|Any CPU
	EndGlobalSection
EndGlobal
